// !$*UTF8*$!
{
	archiveVersion = 1;
	classes = {
	};
	objectVersion = 50;
	objects = {

/* Begin PBXBuildFile section */
		651E8637226ABB070027E303 /* RoomViewController.swift in Sources */ = {isa = PBXBuildFile; fileRef = 651E8636226ABB070027E303 /* RoomViewController.swift */; };
		651E8639226ABB260027E303 /* RoomInteractor.swift in Sources */ = {isa = PBXBuildFile; fileRef = 651E8638226ABB260027E303 /* RoomInteractor.swift */; };
		651E863B226ABC210027E303 /* API.swift in Sources */ = {isa = PBXBuildFile; fileRef = 651E863A226ABC210027E303 /* API.swift */; };
		651E863D226ABC870027E303 /* RoomViewController.xib in Resources */ = {isa = PBXBuildFile; fileRef = 651E863C226ABC870027E303 /* RoomViewController.xib */; };
		A9C44965EE784CBE92AE03BA /* Pods_360degreeFeedback.framework in Frameworks */ = {isa = PBXBuildFile; fileRef = C9146F7553979D09CC43BA07 /* Pods_360degreeFeedback.framework */; };
		E19894CB226AAD3400E72B12 /* AppDelegate.swift in Sources */ = {isa = PBXBuildFile; fileRef = E19894CA226AAD3400E72B12 /* AppDelegate.swift */; };
		E19894CD226AAD3400E72B12 /* ViewController.swift in Sources */ = {isa = PBXBuildFile; fileRef = E19894CC226AAD3400E72B12 /* ViewController.swift */; };
		E19894D0226AAD3400E72B12 /* Main.storyboard in Resources */ = {isa = PBXBuildFile; fileRef = E19894CE226AAD3400E72B12 /* Main.storyboard */; };
		E19894D2226AAD3500E72B12 /* Assets.xcassets in Resources */ = {isa = PBXBuildFile; fileRef = E19894D1226AAD3500E72B12 /* Assets.xcassets */; };
		E19894D5226AAD3500E72B12 /* LaunchScreen.storyboard in Resources */ = {isa = PBXBuildFile; fileRef = E19894D3226AAD3500E72B12 /* LaunchScreen.storyboard */; };
		E19894E5226AB12700E72B12 /* Constants.swift in Sources */ = {isa = PBXBuildFile; fileRef = E19894E4226AB12700E72B12 /* Constants.swift */; };
/* End PBXBuildFile section */

/* Begin PBXFileReference section */
		651E8636226ABB070027E303 /* RoomViewController.swift */ = {isa = PBXFileReference; lastKnownFileType = sourcecode.swift; path = RoomViewController.swift; sourceTree = "<group>"; };
		651E8638226ABB260027E303 /* RoomInteractor.swift */ = {isa = PBXFileReference; lastKnownFileType = sourcecode.swift; path = RoomInteractor.swift; sourceTree = "<group>"; };
		651E863A226ABC210027E303 /* API.swift */ = {isa = PBXFileReference; lastKnownFileType = sourcecode.swift; path = API.swift; sourceTree = "<group>"; };
		651E863C226ABC870027E303 /* RoomViewController.xib */ = {isa = PBXFileReference; lastKnownFileType = file.xib; path = RoomViewController.xib; sourceTree = "<group>"; };
		C9146F7553979D09CC43BA07 /* Pods_360degreeFeedback.framework */ = {isa = PBXFileReference; explicitFileType = wrapper.framework; includeInIndex = 0; path = Pods_360degreeFeedback.framework; sourceTree = BUILT_PRODUCTS_DIR; };
		E19894C7226AAD3400E72B12 /* 360degreeFeedback.app */ = {isa = PBXFileReference; explicitFileType = wrapper.application; includeInIndex = 0; path = 360degreeFeedback.app; sourceTree = BUILT_PRODUCTS_DIR; };
		E19894CA226AAD3400E72B12 /* AppDelegate.swift */ = {isa = PBXFileReference; lastKnownFileType = sourcecode.swift; path = AppDelegate.swift; sourceTree = "<group>"; };
		E19894CC226AAD3400E72B12 /* ViewController.swift */ = {isa = PBXFileReference; lastKnownFileType = sourcecode.swift; path = ViewController.swift; sourceTree = "<group>"; };
		E19894CF226AAD3400E72B12 /* Base */ = {isa = PBXFileReference; lastKnownFileType = file.storyboard; name = Base; path = Base.lproj/Main.storyboard; sourceTree = "<group>"; };
		E19894D1226AAD3500E72B12 /* Assets.xcassets */ = {isa = PBXFileReference; lastKnownFileType = folder.assetcatalog; path = Assets.xcassets; sourceTree = "<group>"; };
		E19894D4226AAD3500E72B12 /* Base */ = {isa = PBXFileReference; lastKnownFileType = file.storyboard; name = Base; path = Base.lproj/LaunchScreen.storyboard; sourceTree = "<group>"; };
		E19894D6226AAD3500E72B12 /* Info.plist */ = {isa = PBXFileReference; lastKnownFileType = text.plist.xml; path = Info.plist; sourceTree = "<group>"; };
		E19894E4226AB12700E72B12 /* Constants.swift */ = {isa = PBXFileReference; lastKnownFileType = sourcecode.swift; path = Constants.swift; sourceTree = "<group>"; };
		E2738FF9090421E899F8AEE0 /* Pods-360degreeFeedback.release.xcconfig */ = {isa = PBXFileReference; includeInIndex = 1; lastKnownFileType = text.xcconfig; name = "Pods-360degreeFeedback.release.xcconfig"; path = "Pods/Target Support Files/Pods-360degreeFeedback/Pods-360degreeFeedback.release.xcconfig"; sourceTree = "<group>"; };
		F431C4C8CB7AB5148CAD0A8A /* Pods-360degreeFeedback.debug.xcconfig */ = {isa = PBXFileReference; includeInIndex = 1; lastKnownFileType = text.xcconfig; name = "Pods-360degreeFeedback.debug.xcconfig"; path = "Pods/Target Support Files/Pods-360degreeFeedback/Pods-360degreeFeedback.debug.xcconfig"; sourceTree = "<group>"; };
/* End PBXFileReference section */

/* Begin PBXFrameworksBuildPhase section */
		E19894C4226AAD3400E72B12 /* Frameworks */ = {
			isa = PBXFrameworksBuildPhase;
			buildActionMask = 2147483647;
			files = (
				A9C44965EE784CBE92AE03BA /* Pods_360degreeFeedback.framework in Frameworks */,
			);
			runOnlyForDeploymentPostprocessing = 0;
		};
/* End PBXFrameworksBuildPhase section */

/* Begin PBXGroup section */
		48B41BC27317A25D6FFC934C /* Pods */ = {
			isa = PBXGroup;
			children = (
				F431C4C8CB7AB5148CAD0A8A /* Pods-360degreeFeedback.debug.xcconfig */,
				E2738FF9090421E899F8AEE0 /* Pods-360degreeFeedback.release.xcconfig */,
			);
			name = Pods;
			sourceTree = "<group>";
		};
		651E8635226ABAE40027E303 /* RoomVC */ = {
			isa = PBXGroup;
			children = (
				651E8636226ABB070027E303 /* RoomViewController.swift */,
				651E8638226ABB260027E303 /* RoomInteractor.swift */,
				651E863C226ABC870027E303 /* RoomViewController.xib */,
			);
			path = RoomVC;
			sourceTree = "<group>";
		};
		E19894BE226AAD3400E72B12 = {
			isa = PBXGroup;
			children = (
				E19894C9226AAD3400E72B12 /* 360degreeFeedback */,
				E19894C8226AAD3400E72B12 /* Products */,
				48B41BC27317A25D6FFC934C /* Pods */,
				E8EBC2298B8F291534B2DA93 /* Frameworks */,
			);
			sourceTree = "<group>";
		};
		E19894C8226AAD3400E72B12 /* Products */ = {
			isa = PBXGroup;
			children = (
				E19894C7226AAD3400E72B12 /* 360degreeFeedback.app */,
			);
			name = Products;
			sourceTree = "<group>";
		};
		E19894C9226AAD3400E72B12 /* 360degreeFeedback */ = {
			isa = PBXGroup;
			children = (
				E19894DF226AB00F00E72B12 /* servises */,
				E19894DE226AB00600E72B12 /* controllers */,
				E19894DD226AAFFB00E72B12 /* models */,
				E19894CA226AAD3400E72B12 /* AppDelegate.swift */,
				E19894CE226AAD3400E72B12 /* Main.storyboard */,
				E19894D1226AAD3500E72B12 /* Assets.xcassets */,
				E19894D3226AAD3500E72B12 /* LaunchScreen.storyboard */,
				E19894D6226AAD3500E72B12 /* Info.plist */,
			);
			path = 360degreeFeedback;
			sourceTree = "<group>";
		};
		E19894DD226AAFFB00E72B12 /* models */ = {
			isa = PBXGroup;
			children = (
			);
			path = models;
			sourceTree = "<group>";
		};
		E19894DE226AB00600E72B12 /* controllers */ = {
			isa = PBXGroup;
			children = (
				651E8635226ABAE40027E303 /* RoomVC */,
				E19894CC226AAD3400E72B12 /* ViewController.swift */,
			);
			path = controllers;
			sourceTree = "<group>";
		};
		E19894DF226AB00F00E72B12 /* servises */ = {
			isa = PBXGroup;
			children = (
				E19894E4226AB12700E72B12 /* Constants.swift */,
				651E863A226ABC210027E303 /* API.swift */,
			);
			path = servises;
			sourceTree = "<group>";
		};
		E8EBC2298B8F291534B2DA93 /* Frameworks */ = {
			isa = PBXGroup;
			children = (
				C9146F7553979D09CC43BA07 /* Pods_360degreeFeedback.framework */,
			);
			name = Frameworks;
			sourceTree = "<group>";
		};
/* End PBXGroup section */

/* Begin PBXNativeTarget section */
		E19894C6226AAD3400E72B12 /* 360degreeFeedback */ = {
			isa = PBXNativeTarget;
			buildConfigurationList = E19894D9226AAD3500E72B12 /* Build configuration list for PBXNativeTarget "360degreeFeedback" */;
			buildPhases = (
				E052CCC404876E1DC78B9292 /* [CP] Check Pods Manifest.lock */,
				E19894C3226AAD3400E72B12 /* Sources */,
				E19894C4226AAD3400E72B12 /* Frameworks */,
				E19894C5226AAD3400E72B12 /* Resources */,
				C5290215E5E04162D6EEF917 /* [CP] Embed Pods Frameworks */,
			);
			buildRules = (
			);
			dependencies = (
			);
			name = 360degreeFeedback;
			productName = 360degreeFeedback;
			productReference = E19894C7226AAD3400E72B12 /* 360degreeFeedback.app */;
			productType = "com.apple.product-type.application";
		};
/* End PBXNativeTarget section */

/* Begin PBXProject section */
		E19894BF226AAD3400E72B12 /* Project object */ = {
			isa = PBXProject;
			attributes = {
				LastSwiftUpdateCheck = 1020;
				LastUpgradeCheck = 1020;
				ORGANIZATIONNAME = "Ayaal Kaplin";
				TargetAttributes = {
					E19894C6226AAD3400E72B12 = {
						CreatedOnToolsVersion = 10.2.1;
					};
				};
			};
			buildConfigurationList = E19894C2226AAD3400E72B12 /* Build configuration list for PBXProject "360degreeFeedback" */;
			compatibilityVersion = "Xcode 9.3";
			developmentRegion = en;
			hasScannedForEncodings = 0;
			knownRegions = (
				en,
				Base,
			);
			mainGroup = E19894BE226AAD3400E72B12;
			productRefGroup = E19894C8226AAD3400E72B12 /* Products */;
			projectDirPath = "";
			projectRoot = "";
			targets = (
				E19894C6226AAD3400E72B12 /* 360degreeFeedback */,
			);
		};
/* End PBXProject section */

/* Begin PBXResourcesBuildPhase section */
		E19894C5226AAD3400E72B12 /* Resources */ = {
			isa = PBXResourcesBuildPhase;
			buildActionMask = 2147483647;
			files = (
				E19894D5226AAD3500E72B12 /* LaunchScreen.storyboard in Resources */,
				E19894D2226AAD3500E72B12 /* Assets.xcassets in Resources */,
				E19894D0226AAD3400E72B12 /* Main.storyboard in Resources */,
				651E863D226ABC870027E303 /* RoomViewController.xib in Resources */,
			);
			runOnlyForDeploymentPostprocessing = 0;
		};
/* End PBXResourcesBuildPhase section */

/* Begin PBXShellScriptBuildPhase section */
		C5290215E5E04162D6EEF917 /* [CP] Embed Pods Frameworks */ = {
			isa = PBXShellScriptBuildPhase;
			buildActionMask = 2147483647;
			files = (
			);
			inputFileListPaths = (
			);
			inputPaths = (
				"${PODS_ROOT}/Target Support Files/Pods-360degreeFeedback/Pods-360degreeFeedback-frameworks.sh",
				"${BUILT_PRODUCTS_DIR}/Indigear/Indigear.framework",
				"${BUILT_PRODUCTS_DIR}/PromisedFuture/PromisedFuture.framework",
				"${BUILT_PRODUCTS_DIR}/SDWebImage/SDWebImage.framework",
			);
			name = "[CP] Embed Pods Frameworks";
			outputFileListPaths = (
			);
			outputPaths = (
				"${TARGET_BUILD_DIR}/${FRAMEWORKS_FOLDER_PATH}/Indigear.framework",
				"${TARGET_BUILD_DIR}/${FRAMEWORKS_FOLDER_PATH}/PromisedFuture.framework",
				"${TARGET_BUILD_DIR}/${FRAMEWORKS_FOLDER_PATH}/SDWebImage.framework",
			);
			runOnlyForDeploymentPostprocessing = 0;
			shellPath = /bin/sh;
			shellScript = "\"${PODS_ROOT}/Target Support Files/Pods-360degreeFeedback/Pods-360degreeFeedback-frameworks.sh\"\n";
			showEnvVarsInLog = 0;
		};
		E052CCC404876E1DC78B9292 /* [CP] Check Pods Manifest.lock */ = {
			isa = PBXShellScriptBuildPhase;
			buildActionMask = 2147483647;
			files = (
			);
			inputFileListPaths = (
			);
			inputPaths = (
				"${PODS_PODFILE_DIR_PATH}/Podfile.lock",
				"${PODS_ROOT}/Manifest.lock",
			);
			name = "[CP] Check Pods Manifest.lock";
			outputFileListPaths = (
			);
			outputPaths = (
				"$(DERIVED_FILE_DIR)/Pods-360degreeFeedback-checkManifestLockResult.txt",
			);
			runOnlyForDeploymentPostprocessing = 0;
			shellPath = /bin/sh;
			shellScript = "diff \"${PODS_PODFILE_DIR_PATH}/Podfile.lock\" \"${PODS_ROOT}/Manifest.lock\" > /dev/null\nif [ $? != 0 ] ; then\n    # print error to STDERR\n    echo \"error: The sandbox is not in sync with the Podfile.lock. Run 'pod install' or update your CocoaPods installation.\" >&2\n    exit 1\nfi\n# This output is used by Xcode 'outputs' to avoid re-running this script phase.\necho \"SUCCESS\" > \"${SCRIPT_OUTPUT_FILE_0}\"\n";
			showEnvVarsInLog = 0;
		};
/* End PBXShellScriptBuildPhase section */

/* Begin PBXSourcesBuildPhase section */
		E19894C3226AAD3400E72B12 /* Sources */ = {
			isa = PBXSourcesBuildPhase;
			buildActionMask = 2147483647;
			files = (
				E19894E5226AB12700E72B12 /* Constants.swift in Sources */,
				651E8637226ABB070027E303 /* RoomViewController.swift in Sources */,
				E19894CD226AAD3400E72B12 /* ViewController.swift in Sources */,
				651E8639226ABB260027E303 /* RoomInteractor.swift in Sources */,
				651E863B226ABC210027E303 /* API.swift in Sources */,
				E19894CB226AAD3400E72B12 /* AppDelegate.swift in Sources */,
			);
			runOnlyForDeploymentPostprocessing = 0;
		};
/* End PBXSourcesBuildPhase section */

/* Begin PBXVariantGroup section */
		E19894CE226AAD3400E72B12 /* Main.storyboard */ = {
			isa = PBXVariantGroup;
			children = (
				E19894CF226AAD3400E72B12 /* Base */,
			);
			name = Main.storyboard;
			sourceTree = "<group>";
		};
		E19894D3226AAD3500E72B12 /* LaunchScreen.storyboard */ = {
			isa = PBXVariantGroup;
			children = (
				E19894D4226AAD3500E72B12 /* Base */,
			);
			name = LaunchScreen.storyboard;
			sourceTree = "<group>";
		};
/* End PBXVariantGroup section */

/* Begin XCBuildConfiguration section */
		E19894D7226AAD3500E72B12 /* Debug */ = {
			isa = XCBuildConfiguration;
			buildSettings = {
				ALWAYS_SEARCH_USER_PATHS = NO;
				CLANG_ANALYZER_NONNULL = YES;
				CLANG_ANALYZER_NUMBER_OBJECT_CONVERSION = YES_AGGRESSIVE;
				CLANG_CXX_LANGUAGE_STANDARD = "gnu++14";
				CLANG_CXX_LIBRARY = "libc++";
				CLANG_ENABLE_MODULES = YES;
				CLANG_ENABLE_OBJC_ARC = YES;
				CLANG_ENABLE_OBJC_WEAK = YES;
				CLANG_WARN_BLOCK_CAPTURE_AUTORELEASING = YES;
				CLANG_WARN_BOOL_CONVERSION = YES;
				CLANG_WARN_COMMA = YES;
				CLANG_WARN_CONSTANT_CONVERSION = YES;
				CLANG_WARN_DEPRECATED_OBJC_IMPLEMENTATIONS = YES;
				CLANG_WARN_DIRECT_OBJC_ISA_USAGE = YES_ERROR;
				CLANG_WARN_DOCUMENTATION_COMMENTS = YES;
				CLANG_WARN_EMPTY_BODY = YES;
				CLANG_WARN_ENUM_CONVERSION = YES;
				CLANG_WARN_INFINITE_RECURSION = YES;
				CLANG_WARN_INT_CONVERSION = YES;
				CLANG_WARN_NON_LITERAL_NULL_CONVERSION = YES;
				CLANG_WARN_OBJC_IMPLICIT_RETAIN_SELF = YES;
				CLANG_WARN_OBJC_LITERAL_CONVERSION = YES;
				CLANG_WARN_OBJC_ROOT_CLASS = YES_ERROR;
				CLANG_WARN_RANGE_LOOP_ANALYSIS = YES;
				CLANG_WARN_STRICT_PROTOTYPES = YES;
				CLANG_WARN_SUSPICIOUS_MOVE = YES;
				CLANG_WARN_UNGUARDED_AVAILABILITY = YES_AGGRESSIVE;
				CLANG_WARN_UNREACHABLE_CODE = YES;
				CLANG_WARN__DUPLICATE_METHOD_MATCH = YES;
				CODE_SIGN_IDENTITY = "iPhone Developer";
				COPY_PHASE_STRIP = NO;
				DEBUG_INFORMATION_FORMAT = dwarf;
				ENABLE_STRICT_OBJC_MSGSEND = YES;
				ENABLE_TESTABILITY = YES;
				GCC_C_LANGUAGE_STANDARD = gnu11;
				GCC_DYNAMIC_NO_PIC = NO;
				GCC_NO_COMMON_BLOCKS = YES;
				GCC_OPTIMIZATION_LEVEL = 0;
				GCC_PREPROCESSOR_DEFINITIONS = (
					"DEBUG=1",
					"$(inherited)",
				);
				GCC_WARN_64_TO_32_BIT_CONVERSION = YES;
				GCC_WARN_ABOUT_RETURN_TYPE = YES_ERROR;
				GCC_WARN_UNDECLARED_SELECTOR = YES;
				GCC_WARN_UNINITIALIZED_AUTOS = YES_AGGRESSIVE;
				GCC_WARN_UNUSED_FUNCTION = YES;
				GCC_WARN_UNUSED_VARIABLE = YES;
				IPHONEOS_DEPLOYMENT_TARGET = 12.2;
				MTL_ENABLE_DEBUG_INFO = INCLUDE_SOURCE;
				MTL_FAST_MATH = YES;
				ONLY_ACTIVE_ARCH = YES;
				SDKROOT = iphoneos;
				SWIFT_ACTIVE_COMPILATION_CONDITIONS = DEBUG;
				SWIFT_OPTIMIZATION_LEVEL = "-Onone";
			};
			name = Debug;
		};
		E19894D8226AAD3500E72B12 /* Release */ = {
			isa = XCBuildConfiguration;
			buildSettings = {
				ALWAYS_SEARCH_USER_PATHS = NO;
				CLANG_ANALYZER_NONNULL = YES;
				CLANG_ANALYZER_NUMBER_OBJECT_CONVERSION = YES_AGGRESSIVE;
				CLANG_CXX_LANGUAGE_STANDARD = "gnu++14";
				CLANG_CXX_LIBRARY = "libc++";
				CLANG_ENABLE_MODULES = YES;
				CLANG_ENABLE_OBJC_ARC = YES;
				CLANG_ENABLE_OBJC_WEAK = YES;
				CLANG_WARN_BLOCK_CAPTURE_AUTORELEASING = YES;
				CLANG_WARN_BOOL_CONVERSION = YES;
				CLANG_WARN_COMMA = YES;
				CLANG_WARN_CONSTANT_CONVERSION = YES;
				CLANG_WARN_DEPRECATED_OBJC_IMPLEMENTATIONS = YES;
				CLANG_WARN_DIRECT_OBJC_ISA_USAGE = YES_ERROR;
				CLANG_WARN_DOCUMENTATION_COMMENTS = YES;
				CLANG_WARN_EMPTY_BODY = YES;
				CLANG_WARN_ENUM_CONVERSION = YES;
				CLANG_WARN_INFINITE_RECURSION = YES;
				CLANG_WARN_INT_CONVERSION = YES;
				CLANG_WARN_NON_LITERAL_NULL_CONVERSION = YES;
				CLANG_WARN_OBJC_IMPLICIT_RETAIN_SELF = YES;
				CLANG_WARN_OBJC_LITERAL_CONVERSION = YES;
				CLANG_WARN_OBJC_ROOT_CLASS = YES_ERROR;
				CLANG_WARN_RANGE_LOOP_ANALYSIS = YES;
				CLANG_WARN_STRICT_PROTOTYPES = YES;
				CLANG_WARN_SUSPICIOUS_MOVE = YES;
				CLANG_WARN_UNGUARDED_AVAILABILITY = YES_AGGRESSIVE;
				CLANG_WARN_UNREACHABLE_CODE = YES;
				CLANG_WARN__DUPLICATE_METHOD_MATCH = YES;
				CODE_SIGN_IDENTITY = "iPhone Developer";
				COPY_PHASE_STRIP = NO;
				DEBUG_INFORMATION_FORMAT = "dwarf-with-dsym";
				ENABLE_NS_ASSERTIONS = NO;
				ENABLE_STRICT_OBJC_MSGSEND = YES;
				GCC_C_LANGUAGE_STANDARD = gnu11;
				GCC_NO_COMMON_BLOCKS = YES;
				GCC_WARN_64_TO_32_BIT_CONVERSION = YES;
				GCC_WARN_ABOUT_RETURN_TYPE = YES_ERROR;
				GCC_WARN_UNDECLARED_SELECTOR = YES;
				GCC_WARN_UNINITIALIZED_AUTOS = YES_AGGRESSIVE;
				GCC_WARN_UNUSED_FUNCTION = YES;
				GCC_WARN_UNUSED_VARIABLE = YES;
				IPHONEOS_DEPLOYMENT_TARGET = 12.2;
				MTL_ENABLE_DEBUG_INFO = NO;
				MTL_FAST_MATH = YES;
				SDKROOT = iphoneos;
				SWIFT_COMPILATION_MODE = wholemodule;
				SWIFT_OPTIMIZATION_LEVEL = "-O";
				VALIDATE_PRODUCT = YES;
			};
			name = Release;
		};
		E19894DA226AAD3500E72B12 /* Debug */ = {
			isa = XCBuildConfiguration;
			baseConfigurationReference = F431C4C8CB7AB5148CAD0A8A /* Pods-360degreeFeedback.debug.xcconfig */;
			buildSettings = {
				ASSETCATALOG_COMPILER_APPICON_NAME = AppIcon;
				CODE_SIGN_STYLE = Automatic;
				DEVELOPMENT_TEAM = K9LZVFU8TF;
				INFOPLIST_FILE = 360degreeFeedback/Info.plist;
				LD_RUNPATH_SEARCH_PATHS = (
					"$(inherited)",
					"@executable_path/Frameworks",
				);
				PRODUCT_BUNDLE_IDENTIFIER = "-60degreeFeedback.admin14.ru.-60degreeFeedback";
				PRODUCT_NAME = "$(TARGET_NAME)";
				SWIFT_VERSION = 5.0;
				TARGETED_DEVICE_FAMILY = "1,2";
			};
			name = Debug;
		};
		E19894DB226AAD3500E72B12 /* Release */ = {
			isa = XCBuildConfiguration;
			baseConfigurationReference = E2738FF9090421E899F8AEE0 /* Pods-360degreeFeedback.release.xcconfig */;
			buildSettings = {
				ASSETCATALOG_COMPILER_APPICON_NAME = AppIcon;
				CODE_SIGN_STYLE = Automatic;
				DEVELOPMENT_TEAM = K9LZVFU8TF;
				INFOPLIST_FILE = 360degreeFeedback/Info.plist;
				LD_RUNPATH_SEARCH_PATHS = (
					"$(inherited)",
					"@executable_path/Frameworks",
				);
				PRODUCT_BUNDLE_IDENTIFIER = "-60degreeFeedback.admin14.ru.-60degreeFeedback";
				PRODUCT_NAME = "$(TARGET_NAME)";
				SWIFT_VERSION = 5.0;
				TARGETED_DEVICE_FAMILY = "1,2";
			};
			name = Release;
		};
/* End XCBuildConfiguration section */

/* Begin XCConfigurationList section */
		E19894C2226AAD3400E72B12 /* Build configuration list for PBXProject "360degreeFeedback" */ = {
			isa = XCConfigurationList;
			buildConfigurations = (
				E19894D7226AAD3500E72B12 /* Debug */,
				E19894D8226AAD3500E72B12 /* Release */,
			);
			defaultConfigurationIsVisible = 0;
			defaultConfigurationName = Release;
		};
		E19894D9226AAD3500E72B12 /* Build configuration list for PBXNativeTarget "360degreeFeedback" */ = {
			isa = XCConfigurationList;
			buildConfigurations = (
				E19894DA226AAD3500E72B12 /* Debug */,
				E19894DB226AAD3500E72B12 /* Release */,
			);
			defaultConfigurationIsVisible = 0;
			defaultConfigurationName = Release;
		};
/* End XCConfigurationList section */
	};
	rootObject = E19894BF226AAD3400E72B12 /* Project object */;
}
